// !$*UTF8*$!
{
	archiveVersion = 1;
	classes = {
	};
	objectVersion = 46;
	objects = {

/* Begin PBXBuildFile section */
		CE7C20CA156D5D6200AEAE67 /* BlindsViewController.m in Sources */ = {isa = PBXBuildFile; fileRef = CE7C20C9156D5D6200AEAE67 /* BlindsViewController.m */; };
		CE7C20CD156D62AE00AEAE67 /* SinglePlayerViewController.m in Sources */ = {isa = PBXBuildFile; fileRef = CE7C20CC156D62AD00AEAE67 /* SinglePlayerViewController.m */; };
		CE7C20D0156D6FEB00AEAE67 /* AnzahlComputergegnerViewController.m in Sources */ = {isa = PBXBuildFile; fileRef = CE7C20CF156D6FEA00AEAE67 /* AnzahlComputergegnerViewController.m */; };
		CE7C20D7156D739A00AEAE67 /* DifficultyViewController.m in Sources */ = {isa = PBXBuildFile; fileRef = CE7C20D6156D739A00AEAE67 /* DifficultyViewController.m */; };
		CEBB847C157D618200841279 /* Table.png in Resources */ = {isa = PBXBuildFile; fileRef = CEBB847B157D618200841279 /* Table.png */; };
		CEBB847F157D672A00841279 /* 2-herz.png in Resources */ = {isa = PBXBuildFile; fileRef = CEBB847E157D672A00841279 /* 2-herz.png */; };
		CEE23232157EA5FD00018491 /* GameViewController.mm in Sources */ = {isa = PBXBuildFile; fileRef = CEE23231157EA5FD00018491 /* GameViewController.mm */; };
		CEEBF57215601A9F007313F1 /* UIKit.framework in Frameworks */ = {isa = PBXBuildFile; fileRef = CEEBF57115601A9F007313F1 /* UIKit.framework */; };
		CEEBF57415601A9F007313F1 /* Foundation.framework in Frameworks */ = {isa = PBXBuildFile; fileRef = CEEBF57315601A9F007313F1 /* Foundation.framework */; };
		CEEBF57615601A9F007313F1 /* CoreGraphics.framework in Frameworks */ = {isa = PBXBuildFile; fileRef = CEEBF57515601A9F007313F1 /* CoreGraphics.framework */; };
		CEEBF57C15601A9F007313F1 /* InfoPlist.strings in Resources */ = {isa = PBXBuildFile; fileRef = CEEBF57A15601A9F007313F1 /* InfoPlist.strings */; };
		CEEBF57E15601A9F007313F1 /* main.m in Sources */ = {isa = PBXBuildFile; fileRef = CEEBF57D15601A9F007313F1 /* main.m */; };
		CEEBF58215601A9F007313F1 /* AppDelegate.m in Sources */ = {isa = PBXBuildFile; fileRef = CEEBF58115601A9F007313F1 /* AppDelegate.m */; };
		CEEBF58515601A9F007313F1 /* MainStoryboard.storyboard in Resources */ = {isa = PBXBuildFile; fileRef = CEEBF58315601A9F007313F1 /* MainStoryboard.storyboard */; };
		CEEBF58815601A9F007313F1 /* ViewController.m in Sources */ = {isa = PBXBuildFile; fileRef = CEEBF58715601A9F007313F1 /* ViewController.m */; };
		CEF0D96D157BB9AA005B7BBE /* GameSettings.m in Sources */ = {isa = PBXBuildFile; fileRef = CEF0D96C157BB9AA005B7BBE /* GameSettings.m */; };
		D00EB41E159B0A7E009BCC7C /* PlayerProfile.m in Sources */ = {isa = PBXBuildFile; fileRef = D00EB41D159B0A7E009BCC7C /* PlayerProfile.m */; };
		D00EB421159B1A92009BCC7C /* Pokal.png in Resources */ = {isa = PBXBuildFile; fileRef = D00EB420159B1A92009BCC7C /* Pokal.png */; };
		D00EB427159B47EB009BCC7C /* back.png in Resources */ = {isa = PBXBuildFile; fileRef = D00EB426159B47EB009BCC7C /* back.png */; };
		D00EB429159B4E4E009BCC7C /* winner.wav in Resources */ = {isa = PBXBuildFile; fileRef = D00EB428159B4E4E009BCC7C /* winner.wav */; };
		D00EB42C159B73D7009BCC7C /* ModifiedSlider.m in Sources */ = {isa = PBXBuildFile; fileRef = D00EB42B159B73D7009BCC7C /* ModifiedSlider.m */; };
		D0121E08159389D6005D54B3 /* AVFoundation.framework in Frameworks */ = {isa = PBXBuildFile; fileRef = D0121E07159389D6005D54B3 /* AVFoundation.framework */; };
		D0121E1115938AAE005D54B3 /* cards1.wav in Resources */ = {isa = PBXBuildFile; fileRef = D0121E0B15938AAE005D54B3 /* cards1.wav */; };
		D0121E1215938AAE005D54B3 /* check.wav in Resources */ = {isa = PBXBuildFile; fileRef = D0121E0C15938AAE005D54B3 /* check.wav */; };
		D0121E1315938AAE005D54B3 /* cards3.wav in Resources */ = {isa = PBXBuildFile; fileRef = D0121E0D15938AAE005D54B3 /* cards3.wav */; };
		D0121E1415938AAE005D54B3 /* fold.wav in Resources */ = {isa = PBXBuildFile; fileRef = D0121E0E15938AAE005D54B3 /* fold.wav */; };
		D0121E1515938AAE005D54B3 /* money.wav in Resources */ = {isa = PBXBuildFile; fileRef = D0121E0F15938AAE005D54B3 /* money.wav */; };
		D0121E1615938AAE005D54B3 /* time.wav in Resources */ = {isa = PBXBuildFile; fileRef = D0121E1015938AAE005D54B3 /* time.wav */; };
		D0310F991598D51000344EA7 /* Cartman.PNG in Resources */ = {isa = PBXBuildFile; fileRef = D0310F951598D51000344EA7 /* Cartman.PNG */; };
		D0310F9A1598D51000344EA7 /* Kenny.PNG in Resources */ = {isa = PBXBuildFile; fileRef = D0310F961598D51000344EA7 /* Kenny.PNG */; };
		D0310F9B1598D51000344EA7 /* Kyle.PNG in Resources */ = {isa = PBXBuildFile; fileRef = D0310F971598D51000344EA7 /* Kyle.PNG */; };
		D0310F9C1598D51000344EA7 /* Stan.PNG in Resources */ = {isa = PBXBuildFile; fileRef = D0310F981598D51000344EA7 /* Stan.PNG */; };
		D066EC5B1562E97C00B62D50 /* PlayingCard.m in Sources */ = {isa = PBXBuildFile; fileRef = D066EC5A1562E97C00B62D50 /* PlayingCard.m */; };
		D066EC5E1562EDB100B62D50 /* Hand.m in Sources */ = {isa = PBXBuildFile; fileRef = D066EC5D1562EDB100B62D50 /* Hand.m */; };
		D066EC621562F16600B62D50 /* CardsOnTable.m in Sources */ = {isa = PBXBuildFile; fileRef = D066EC611562F16600B62D50 /* CardsOnTable.m */; };
		D066EC651562F27F00B62D50 /* CardDeck.m in Sources */ = {isa = PBXBuildFile; fileRef = D066EC641562F27F00B62D50 /* CardDeck.m */; };
		D069C20C158532CD0026170E /* 2_1.png in Resources */ = {isa = PBXBuildFile; fileRef = D069C1D8158532CD0026170E /* 2_1.png */; };
		D069C20D158532CD0026170E /* 2_2.png in Resources */ = {isa = PBXBuildFile; fileRef = D069C1D9158532CD0026170E /* 2_2.png */; };
		D069C20E158532CD0026170E /* 2_3.png in Resources */ = {isa = PBXBuildFile; fileRef = D069C1DA158532CD0026170E /* 2_3.png */; };
		D069C20F158532CD0026170E /* 2_4.png in Resources */ = {isa = PBXBuildFile; fileRef = D069C1DB158532CD0026170E /* 2_4.png */; };
		D069C210158532CD0026170E /* 3_1.png in Resources */ = {isa = PBXBuildFile; fileRef = D069C1DC158532CD0026170E /* 3_1.png */; };
		D069C211158532CD0026170E /* 3_2.png in Resources */ = {isa = PBXBuildFile; fileRef = D069C1DD158532CD0026170E /* 3_2.png */; };
		D069C212158532CD0026170E /* 3_3.png in Resources */ = {isa = PBXBuildFile; fileRef = D069C1DE158532CD0026170E /* 3_3.png */; };
		D069C213158532CD0026170E /* 3_4.png in Resources */ = {isa = PBXBuildFile; fileRef = D069C1DF158532CD0026170E /* 3_4.png */; };
		D069C214158532CD0026170E /* 4_1.png in Resources */ = {isa = PBXBuildFile; fileRef = D069C1E0158532CD0026170E /* 4_1.png */; };
		D069C215158532CD0026170E /* 4_2.png in Resources */ = {isa = PBXBuildFile; fileRef = D069C1E1158532CD0026170E /* 4_2.png */; };
		D069C216158532CD0026170E /* 4_3.png in Resources */ = {isa = PBXBuildFile; fileRef = D069C1E2158532CD0026170E /* 4_3.png */; };
		D069C217158532CD0026170E /* 4_4.png in Resources */ = {isa = PBXBuildFile; fileRef = D069C1E3158532CD0026170E /* 4_4.png */; };
		D069C218158532CD0026170E /* 5_1.png in Resources */ = {isa = PBXBuildFile; fileRef = D069C1E4158532CD0026170E /* 5_1.png */; };
		D069C219158532CD0026170E /* 5_2.png in Resources */ = {isa = PBXBuildFile; fileRef = D069C1E5158532CD0026170E /* 5_2.png */; };
		D069C21A158532CD0026170E /* 5_3.png in Resources */ = {isa = PBXBuildFile; fileRef = D069C1E6158532CD0026170E /* 5_3.png */; };
		D069C21B158532CD0026170E /* 5_4.png in Resources */ = {isa = PBXBuildFile; fileRef = D069C1E7158532CD0026170E /* 5_4.png */; };
		D069C21C158532CD0026170E /* 6_1.png in Resources */ = {isa = PBXBuildFile; fileRef = D069C1E8158532CD0026170E /* 6_1.png */; };
		D069C21D158532CD0026170E /* 6_2.png in Resources */ = {isa = PBXBuildFile; fileRef = D069C1E9158532CD0026170E /* 6_2.png */; };
		D069C21E158532CD0026170E /* 6_3.png in Resources */ = {isa = PBXBuildFile; fileRef = D069C1EA158532CD0026170E /* 6_3.png */; };
		D069C21F158532CD0026170E /* 6_4.png in Resources */ = {isa = PBXBuildFile; fileRef = D069C1EB158532CD0026170E /* 6_4.png */; };
		D069C220158532CD0026170E /* 7_1.png in Resources */ = {isa = PBXBuildFile; fileRef = D069C1EC158532CD0026170E /* 7_1.png */; };
		D069C221158532CD0026170E /* 7_2.png in Resources */ = {isa = PBXBuildFile; fileRef = D069C1ED158532CD0026170E /* 7_2.png */; };
		D069C222158532CD0026170E /* 7_3.png in Resources */ = {isa = PBXBuildFile; fileRef = D069C1EE158532CD0026170E /* 7_3.png */; };
		D069C223158532CD0026170E /* 7_4.png in Resources */ = {isa = PBXBuildFile; fileRef = D069C1EF158532CD0026170E /* 7_4.png */; };
		D069C224158532CD0026170E /* 8_1.png in Resources */ = {isa = PBXBuildFile; fileRef = D069C1F0158532CD0026170E /* 8_1.png */; };
		D069C225158532CD0026170E /* 8_2.png in Resources */ = {isa = PBXBuildFile; fileRef = D069C1F1158532CD0026170E /* 8_2.png */; };
		D069C226158532CD0026170E /* 8_3.png in Resources */ = {isa = PBXBuildFile; fileRef = D069C1F2158532CD0026170E /* 8_3.png */; };
		D069C227158532CD0026170E /* 8_4.png in Resources */ = {isa = PBXBuildFile; fileRef = D069C1F3158532CD0026170E /* 8_4.png */; };
		D069C228158532CD0026170E /* 9_1.png in Resources */ = {isa = PBXBuildFile; fileRef = D069C1F4158532CD0026170E /* 9_1.png */; };
		D069C229158532CD0026170E /* 9_2.png in Resources */ = {isa = PBXBuildFile; fileRef = D069C1F5158532CD0026170E /* 9_2.png */; };
		D069C22A158532CD0026170E /* 9_3.png in Resources */ = {isa = PBXBuildFile; fileRef = D069C1F6158532CD0026170E /* 9_3.png */; };
		D069C22B158532CD0026170E /* 9_4.png in Resources */ = {isa = PBXBuildFile; fileRef = D069C1F7158532CD0026170E /* 9_4.png */; };
		D069C22C158532CD0026170E /* 10_1.png in Resources */ = {isa = PBXBuildFile; fileRef = D069C1F8158532CD0026170E /* 10_1.png */; };
		D069C22D158532CD0026170E /* 10_2.png in Resources */ = {isa = PBXBuildFile; fileRef = D069C1F9158532CD0026170E /* 10_2.png */; };
		D069C22E158532CD0026170E /* 10_3.png in Resources */ = {isa = PBXBuildFile; fileRef = D069C1FA158532CD0026170E /* 10_3.png */; };
		D069C22F158532CD0026170E /* 10_4.png in Resources */ = {isa = PBXBuildFile; fileRef = D069C1FB158532CD0026170E /* 10_4.png */; };
		D069C230158532CD0026170E /* 11_1.png in Resources */ = {isa = PBXBuildFile; fileRef = D069C1FC158532CD0026170E /* 11_1.png */; };
		D069C231158532CD0026170E /* 11_2.png in Resources */ = {isa = PBXBuildFile; fileRef = D069C1FD158532CD0026170E /* 11_2.png */; };
		D069C232158532CD0026170E /* 11_3.png in Resources */ = {isa = PBXBuildFile; fileRef = D069C1FE158532CD0026170E /* 11_3.png */; };
		D069C233158532CD0026170E /* 11_4.png in Resources */ = {isa = PBXBuildFile; fileRef = D069C1FF158532CD0026170E /* 11_4.png */; };
		D069C234158532CD0026170E /* 12_1.png in Resources */ = {isa = PBXBuildFile; fileRef = D069C200158532CD0026170E /* 12_1.png */; };
		D069C235158532CD0026170E /* 12_2.png in Resources */ = {isa = PBXBuildFile; fileRef = D069C201158532CD0026170E /* 12_2.png */; };
		D069C236158532CD0026170E /* 12_3.png in Resources */ = {isa = PBXBuildFile; fileRef = D069C202158532CD0026170E /* 12_3.png */; };
		D069C237158532CD0026170E /* 12_4.png in Resources */ = {isa = PBXBuildFile; fileRef = D069C203158532CD0026170E /* 12_4.png */; };
		D069C238158532CD0026170E /* 13_1.png in Resources */ = {isa = PBXBuildFile; fileRef = D069C204158532CD0026170E /* 13_1.png */; };
		D069C239158532CD0026170E /* 13_2.png in Resources */ = {isa = PBXBuildFile; fileRef = D069C205158532CD0026170E /* 13_2.png */; };
		D069C23A158532CD0026170E /* 13_3.png in Resources */ = {isa = PBXBuildFile; fileRef = D069C206158532CD0026170E /* 13_3.png */; };
		D069C23B158532CD0026170E /* 13_4.png in Resources */ = {isa = PBXBuildFile; fileRef = D069C207158532CD0026170E /* 13_4.png */; };
		D069C23C158532CD0026170E /* 14_1.png in Resources */ = {isa = PBXBuildFile; fileRef = D069C208158532CD0026170E /* 14_1.png */; };
		D069C23D158532CD0026170E /* 14_2.png in Resources */ = {isa = PBXBuildFile; fileRef = D069C209158532CD0026170E /* 14_2.png */; };
		D069C23E158532CD0026170E /* 14_3.png in Resources */ = {isa = PBXBuildFile; fileRef = D069C20A158532CD0026170E /* 14_3.png */; };
		D069C23F158532CD0026170E /* 14_4.png in Resources */ = {isa = PBXBuildFile; fileRef = D069C20B158532CD0026170E /* 14_4.png */; };
		D06A421C15650A170062D6F1 /* FiveBestCards.m in Sources */ = {isa = PBXBuildFile; fileRef = D06A421B15650A170062D6F1 /* FiveBestCards.m */; };
		D06F5A8C15602FC400519DAF /* Nathan.PNG in Resources */ = {isa = PBXBuildFile; fileRef = D06F5A8B15602FC400519DAF /* Nathan.PNG */; };
		D0A6887D1587FFDF007ED89B /* MainPot.m in Sources */ = {isa = PBXBuildFile; fileRef = D0A6887C1587FFDF007ED89B /* MainPot.m */; };
		D0CC52231563C8B400BF5DC3 /* Player.m in Sources */ = {isa = PBXBuildFile; fileRef = D0CC52221563C8B400BF5DC3 /* Player.m */; };
		D0CC52271563C8E300BF5DC3 /* PokerGame.mm in Sources */ = {isa = PBXBuildFile; fileRef = D0CC52261563C8E300BF5DC3 /* PokerGame.mm */; };
		D0CC522A1563D68A00BF5DC3 /* CardValuesEvaluator.m in Sources */ = {isa = PBXBuildFile; fileRef = D0CC52291563D68A00BF5DC3 /* CardValuesEvaluator.m */; };
		D0F692BC158F4C7E0065420F /* SidePot.m in Sources */ = {isa = PBXBuildFile; fileRef = D0F692BB158F4C7E0065420F /* SidePot.m */; };
		D0F7E40A15875F420068FBD5 /* Pot.m in Sources */ = {isa = PBXBuildFile; fileRef = D0F7E40915875F420068FBD5 /* Pot.m */; };
		D0FA5F55156C133B00C89B82 /* ProfilViewController.m in Sources */ = {isa = PBXBuildFile; fileRef = D0FA5F54156C133B00C89B82 /* ProfilViewController.m */; };
/* End PBXBuildFile section */

/* Begin PBXFileReference section */
		CE7C20C8156D5D6200AEAE67 /* BlindsViewController.h */ = {isa = PBXFileReference; fileEncoding = 4; lastKnownFileType = sourcecode.c.h; path = BlindsViewController.h; sourceTree = "<group>"; };
		CE7C20C9156D5D6200AEAE67 /* BlindsViewController.m */ = {isa = PBXFileReference; fileEncoding = 4; lastKnownFileType = sourcecode.c.objc; path = BlindsViewController.m; sourceTree = "<group>"; };
		CE7C20CB156D62AD00AEAE67 /* SinglePlayerViewController.h */ = {isa = PBXFileReference; fileEncoding = 4; lastKnownFileType = sourcecode.c.h; path = SinglePlayerViewController.h; sourceTree = "<group>"; };
		CE7C20CC156D62AD00AEAE67 /* SinglePlayerViewController.m */ = {isa = PBXFileReference; fileEncoding = 4; lastKnownFileType = sourcecode.c.objc; path = SinglePlayerViewController.m; sourceTree = "<group>"; };
		CE7C20CE156D6FEA00AEAE67 /* AnzahlComputergegnerViewController.h */ = {isa = PBXFileReference; fileEncoding = 4; lastKnownFileType = sourcecode.c.h; path = AnzahlComputergegnerViewController.h; sourceTree = "<group>"; };
		CE7C20CF156D6FEA00AEAE67 /* AnzahlComputergegnerViewController.m */ = {isa = PBXFileReference; fileEncoding = 4; lastKnownFileType = sourcecode.c.objc; path = AnzahlComputergegnerViewController.m; sourceTree = "<group>"; };
		CE7C20D5156D739A00AEAE67 /* DifficultyViewController.h */ = {isa = PBXFileReference; fileEncoding = 4; lastKnownFileType = sourcecode.c.h; path = DifficultyViewController.h; sourceTree = "<group>"; };
		CE7C20D6156D739A00AEAE67 /* DifficultyViewController.m */ = {isa = PBXFileReference; fileEncoding = 4; lastKnownFileType = sourcecode.c.objc; path = DifficultyViewController.m; sourceTree = "<group>"; };
		CEBB847B157D618200841279 /* Table.png */ = {isa = PBXFileReference; lastKnownFileType = image.png; path = Table.png; sourceTree = "<group>"; };
		CEBB847E157D672A00841279 /* 2-herz.png */ = {isa = PBXFileReference; lastKnownFileType = image.png; path = "2-herz.png"; sourceTree = "<group>"; };
		CEE23230157EA5FD00018491 /* GameViewController.h */ = {isa = PBXFileReference; fileEncoding = 4; lastKnownFileType = sourcecode.c.h; path = GameViewController.h; sourceTree = "<group>"; };
		CEE23231157EA5FD00018491 /* GameViewController.mm */ = {isa = PBXFileReference; fileEncoding = 4; lastKnownFileType = sourcecode.cpp.objcpp; path = GameViewController.mm; sourceTree = "<group>"; };
		CEEBF56D15601A9F007313F1 /* Poker iPhone App.app */ = {isa = PBXFileReference; explicitFileType = wrapper.application; includeInIndex = 0; path = "Poker iPhone App.app"; sourceTree = BUILT_PRODUCTS_DIR; };
		CEEBF57115601A9F007313F1 /* UIKit.framework */ = {isa = PBXFileReference; lastKnownFileType = wrapper.framework; name = UIKit.framework; path = System/Library/Frameworks/UIKit.framework; sourceTree = SDKROOT; };
		CEEBF57315601A9F007313F1 /* Foundation.framework */ = {isa = PBXFileReference; lastKnownFileType = wrapper.framework; name = Foundation.framework; path = System/Library/Frameworks/Foundation.framework; sourceTree = SDKROOT; };
		CEEBF57515601A9F007313F1 /* CoreGraphics.framework */ = {isa = PBXFileReference; lastKnownFileType = wrapper.framework; name = CoreGraphics.framework; path = System/Library/Frameworks/CoreGraphics.framework; sourceTree = SDKROOT; };
		CEEBF57915601A9F007313F1 /* Poker iPhone App-Info.plist */ = {isa = PBXFileReference; lastKnownFileType = text.plist.xml; path = "Poker iPhone App-Info.plist"; sourceTree = "<group>"; };
		CEEBF57B15601A9F007313F1 /* en */ = {isa = PBXFileReference; lastKnownFileType = text.plist.strings; name = en; path = en.lproj/InfoPlist.strings; sourceTree = "<group>"; };
		CEEBF57D15601A9F007313F1 /* main.m */ = {isa = PBXFileReference; lastKnownFileType = sourcecode.c.objc; path = main.m; sourceTree = "<group>"; };
		CEEBF57F15601A9F007313F1 /* Poker iPhone App-Prefix.pch */ = {isa = PBXFileReference; lastKnownFileType = sourcecode.c.h; path = "Poker iPhone App-Prefix.pch"; sourceTree = "<group>"; };
		CEEBF58015601A9F007313F1 /* AppDelegate.h */ = {isa = PBXFileReference; lastKnownFileType = sourcecode.c.h; path = AppDelegate.h; sourceTree = "<group>"; };
		CEEBF58115601A9F007313F1 /* AppDelegate.m */ = {isa = PBXFileReference; lastKnownFileType = sourcecode.c.objc; path = AppDelegate.m; sourceTree = "<group>"; };
		CEEBF58415601A9F007313F1 /* en */ = {isa = PBXFileReference; lastKnownFileType = file.storyboard; name = en; path = en.lproj/MainStoryboard.storyboard; sourceTree = "<group>"; };
		CEEBF58615601A9F007313F1 /* ViewController.h */ = {isa = PBXFileReference; lastKnownFileType = sourcecode.c.h; path = ViewController.h; sourceTree = "<group>"; };
		CEEBF58715601A9F007313F1 /* ViewController.m */ = {isa = PBXFileReference; lastKnownFileType = sourcecode.c.objc; path = ViewController.m; sourceTree = "<group>"; };
		CEF0D96B157BB9AA005B7BBE /* GameSettings.h */ = {isa = PBXFileReference; fileEncoding = 4; lastKnownFileType = sourcecode.c.h; path = GameSettings.h; sourceTree = "<group>"; };
		CEF0D96C157BB9AA005B7BBE /* GameSettings.m */ = {isa = PBXFileReference; fileEncoding = 4; lastKnownFileType = sourcecode.c.objc; path = GameSettings.m; sourceTree = "<group>"; };
		D005DA71156D161700585130 /* Enum_PlayerState.h */ = {isa = PBXFileReference; fileEncoding = 4; lastKnownFileType = sourcecode.c.h; path = Enum_PlayerState.h; sourceTree = "<group>"; };
		D00EB41C159B0A7E009BCC7C /* PlayerProfile.h */ = {isa = PBXFileReference; fileEncoding = 4; lastKnownFileType = sourcecode.c.h; path = PlayerProfile.h; sourceTree = "<group>"; };
		D00EB41D159B0A7E009BCC7C /* PlayerProfile.m */ = {isa = PBXFileReference; fileEncoding = 4; lastKnownFileType = sourcecode.c.objc; path = PlayerProfile.m; sourceTree = "<group>"; };
		D00EB420159B1A92009BCC7C /* Pokal.png */ = {isa = PBXFileReference; lastKnownFileType = image.png; path = Pokal.png; sourceTree = "<group>"; };
		D00EB426159B47EB009BCC7C /* back.png */ = {isa = PBXFileReference; lastKnownFileType = image.png; name = back.png; path = "Karten png/back.png"; sourceTree = "<group>"; };
		D00EB428159B4E4E009BCC7C /* winner.wav */ = {isa = PBXFileReference; lastKnownFileType = audio.wav; path = winner.wav; sourceTree = "<group>"; };
		D00EB42A159B73D7009BCC7C /* ModifiedSlider.h */ = {isa = PBXFileReference; fileEncoding = 4; lastKnownFileType = sourcecode.c.h; path = ModifiedSlider.h; sourceTree = "<group>"; };
		D00EB42B159B73D7009BCC7C /* ModifiedSlider.m */ = {isa = PBXFileReference; fileEncoding = 4; lastKnownFileType = sourcecode.c.objc; path = ModifiedSlider.m; sourceTree = "<group>"; };
		D00EB42D159B7539009BCC7C /* Enum_SliderSensibility.h */ = {isa = PBXFileReference; fileEncoding = 4; lastKnownFileType = sourcecode.c.h; path = Enum_SliderSensibility.h; sourceTree = "<group>"; };
		D0121E07159389D6005D54B3 /* AVFoundation.framework */ = {isa = PBXFileReference; lastKnownFileType = wrapper.framework; name = AVFoundation.framework; path = System/Library/Frameworks/AVFoundation.framework; sourceTree = SDKROOT; };
		D0121E0B15938AAE005D54B3 /* cards1.wav */ = {isa = PBXFileReference; lastKnownFileType = audio.wav; path = cards1.wav; sourceTree = "<group>"; };
		D0121E0C15938AAE005D54B3 /* check.wav */ = {isa = PBXFileReference; lastKnownFileType = audio.wav; path = check.wav; sourceTree = "<group>"; };
		D0121E0D15938AAE005D54B3 /* cards3.wav */ = {isa = PBXFileReference; lastKnownFileType = audio.wav; path = cards3.wav; sourceTree = "<group>"; };
		D0121E0E15938AAE005D54B3 /* fold.wav */ = {isa = PBXFileReference; lastKnownFileType = audio.wav; path = fold.wav; sourceTree = "<group>"; };
		D0121E0F15938AAE005D54B3 /* money.wav */ = {isa = PBXFileReference; lastKnownFileType = audio.wav; path = money.wav; sourceTree = "<group>"; };
		D0121E1015938AAE005D54B3 /* time.wav */ = {isa = PBXFileReference; lastKnownFileType = audio.wav; path = time.wav; sourceTree = "<group>"; };
		D0310F951598D51000344EA7 /* Cartman.PNG */ = {isa = PBXFileReference; lastKnownFileType = image.png; name = Cartman.PNG; path = Avatars/Cartman.PNG; sourceTree = "<group>"; };
		D0310F961598D51000344EA7 /* Kenny.PNG */ = {isa = PBXFileReference; lastKnownFileType = image.png; name = Kenny.PNG; path = Avatars/Kenny.PNG; sourceTree = "<group>"; };
		D0310F971598D51000344EA7 /* Kyle.PNG */ = {isa = PBXFileReference; lastKnownFileType = image.png; name = Kyle.PNG; path = Avatars/Kyle.PNG; sourceTree = "<group>"; };
		D0310F981598D51000344EA7 /* Stan.PNG */ = {isa = PBXFileReference; lastKnownFileType = image.png; name = Stan.PNG; path = Avatars/Stan.PNG; sourceTree = "<group>"; };
		D066EC571562E86A00B62D50 /* Enum_SuitType.h */ = {isa = PBXFileReference; fileEncoding = 4; lastKnownFileType = sourcecode.c.h; path = Enum_SuitType.h; sourceTree = "<group>"; };
		D066EC591562E97C00B62D50 /* PlayingCard.h */ = {isa = PBXFileReference; fileEncoding = 4; lastKnownFileType = sourcecode.c.h; path = PlayingCard.h; sourceTree = "<group>"; };
		D066EC5A1562E97C00B62D50 /* PlayingCard.m */ = {isa = PBXFileReference; fileEncoding = 4; lastKnownFileType = sourcecode.c.objc; path = PlayingCard.m; sourceTree = "<group>"; };
		D066EC5C1562EDB100B62D50 /* Hand.h */ = {isa = PBXFileReference; fileEncoding = 4; lastKnownFileType = sourcecode.c.h; path = Hand.h; sourceTree = "<group>"; };
		D066EC5D1562EDB100B62D50 /* Hand.m */ = {isa = PBXFileReference; fileEncoding = 4; lastKnownFileType = sourcecode.c.objc; path = Hand.m; sourceTree = "<group>"; };
		D066EC5F1562EF4600B62D50 /* Enum_CardValues.h */ = {isa = PBXFileReference; fileEncoding = 4; lastKnownFileType = sourcecode.c.h; path = Enum_CardValues.h; sourceTree = "<group>"; };
		D066EC601562F16600B62D50 /* CardsOnTable.h */ = {isa = PBXFileReference; fileEncoding = 4; lastKnownFileType = sourcecode.c.h; path = CardsOnTable.h; sourceTree = "<group>"; };
		D066EC611562F16600B62D50 /* CardsOnTable.m */ = {isa = PBXFileReference; fileEncoding = 4; lastKnownFileType = sourcecode.c.objc; path = CardsOnTable.m; sourceTree = "<group>"; };
		D066EC631562F27F00B62D50 /* CardDeck.h */ = {isa = PBXFileReference; fileEncoding = 4; lastKnownFileType = sourcecode.c.h; path = CardDeck.h; sourceTree = "<group>"; };
		D066EC641562F27F00B62D50 /* CardDeck.m */ = {isa = PBXFileReference; fileEncoding = 4; lastKnownFileType = sourcecode.c.objc; path = CardDeck.m; sourceTree = "<group>"; };
		D069C1D8158532CD0026170E /* 2_1.png */ = {isa = PBXFileReference; lastKnownFileType = image.png; name = 2_1.png; path = "Karten png/2_1.png"; sourceTree = "<group>"; };
		D069C1D9158532CD0026170E /* 2_2.png */ = {isa = PBXFileReference; lastKnownFileType = image.png; name = 2_2.png; path = "Karten png/2_2.png"; sourceTree = "<group>"; };
		D069C1DA158532CD0026170E /* 2_3.png */ = {isa = PBXFileReference; lastKnownFileType = image.png; name = 2_3.png; path = "Karten png/2_3.png"; sourceTree = "<group>"; };
		D069C1DB158532CD0026170E /* 2_4.png */ = {isa = PBXFileReference; lastKnownFileType = image.png; name = 2_4.png; path = "Karten png/2_4.png"; sourceTree = "<group>"; };
		D069C1DC158532CD0026170E /* 3_1.png */ = {isa = PBXFileReference; lastKnownFileType = image.png; name = 3_1.png; path = "Karten png/3_1.png"; sourceTree = "<group>"; };
		D069C1DD158532CD0026170E /* 3_2.png */ = {isa = PBXFileReference; lastKnownFileType = image.png; name = 3_2.png; path = "Karten png/3_2.png"; sourceTree = "<group>"; };
		D069C1DE158532CD0026170E /* 3_3.png */ = {isa = PBXFileReference; lastKnownFileType = image.png; name = 3_3.png; path = "Karten png/3_3.png"; sourceTree = "<group>"; };
		D069C1DF158532CD0026170E /* 3_4.png */ = {isa = PBXFileReference; lastKnownFileType = image.png; name = 3_4.png; path = "Karten png/3_4.png"; sourceTree = "<group>"; };
		D069C1E0158532CD0026170E /* 4_1.png */ = {isa = PBXFileReference; lastKnownFileType = image.png; name = 4_1.png; path = "Karten png/4_1.png"; sourceTree = "<group>"; };
		D069C1E1158532CD0026170E /* 4_2.png */ = {isa = PBXFileReference; lastKnownFileType = image.png; name = 4_2.png; path = "Karten png/4_2.png"; sourceTree = "<group>"; };
		D069C1E2158532CD0026170E /* 4_3.png */ = {isa = PBXFileReference; lastKnownFileType = image.png; name = 4_3.png; path = "Karten png/4_3.png"; sourceTree = "<group>"; };
		D069C1E3158532CD0026170E /* 4_4.png */ = {isa = PBXFileReference; lastKnownFileType = image.png; name = 4_4.png; path = "Karten png/4_4.png"; sourceTree = "<group>"; };
		D069C1E4158532CD0026170E /* 5_1.png */ = {isa = PBXFileReference; lastKnownFileType = image.png; name = 5_1.png; path = "Karten png/5_1.png"; sourceTree = "<group>"; };
		D069C1E5158532CD0026170E /* 5_2.png */ = {isa = PBXFileReference; lastKnownFileType = image.png; name = 5_2.png; path = "Karten png/5_2.png"; sourceTree = "<group>"; };
		D069C1E6158532CD0026170E /* 5_3.png */ = {isa = PBXFileReference; lastKnownFileType = image.png; name = 5_3.png; path = "Karten png/5_3.png"; sourceTree = "<group>"; };
		D069C1E7158532CD0026170E /* 5_4.png */ = {isa = PBXFileReference; lastKnownFileType = image.png; name = 5_4.png; path = "Karten png/5_4.png"; sourceTree = "<group>"; };
		D069C1E8158532CD0026170E /* 6_1.png */ = {isa = PBXFileReference; lastKnownFileType = image.png; name = 6_1.png; path = "Karten png/6_1.png"; sourceTree = "<group>"; };
		D069C1E9158532CD0026170E /* 6_2.png */ = {isa = PBXFileReference; lastKnownFileType = image.png; name = 6_2.png; path = "Karten png/6_2.png"; sourceTree = "<group>"; };
		D069C1EA158532CD0026170E /* 6_3.png */ = {isa = PBXFileReference; lastKnownFileType = image.png; name = 6_3.png; path = "Karten png/6_3.png"; sourceTree = "<group>"; };
		D069C1EB158532CD0026170E /* 6_4.png */ = {isa = PBXFileReference; lastKnownFileType = image.png; name = 6_4.png; path = "Karten png/6_4.png"; sourceTree = "<group>"; };
		D069C1EC158532CD0026170E /* 7_1.png */ = {isa = PBXFileReference; lastKnownFileType = image.png; name = 7_1.png; path = "Karten png/7_1.png"; sourceTree = "<group>"; };
		D069C1ED158532CD0026170E /* 7_2.png */ = {isa = PBXFileReference; lastKnownFileType = image.png; name = 7_2.png; path = "Karten png/7_2.png"; sourceTree = "<group>"; };
		D069C1EE158532CD0026170E /* 7_3.png */ = {isa = PBXFileReference; lastKnownFileType = image.png; name = 7_3.png; path = "Karten png/7_3.png"; sourceTree = "<group>"; };
		D069C1EF158532CD0026170E /* 7_4.png */ = {isa = PBXFileReference; lastKnownFileType = image.png; name = 7_4.png; path = "Karten png/7_4.png"; sourceTree = "<group>"; };
		D069C1F0158532CD0026170E /* 8_1.png */ = {isa = PBXFileReference; lastKnownFileType = image.png; name = 8_1.png; path = "Karten png/8_1.png"; sourceTree = "<group>"; };
		D069C1F1158532CD0026170E /* 8_2.png */ = {isa = PBXFileReference; lastKnownFileType = image.png; name = 8_2.png; path = "Karten png/8_2.png"; sourceTree = "<group>"; };
		D069C1F2158532CD0026170E /* 8_3.png */ = {isa = PBXFileReference; lastKnownFileType = image.png; name = 8_3.png; path = "Karten png/8_3.png"; sourceTree = "<group>"; };
		D069C1F3158532CD0026170E /* 8_4.png */ = {isa = PBXFileReference; lastKnownFileType = image.png; name = 8_4.png; path = "Karten png/8_4.png"; sourceTree = "<group>"; };
		D069C1F4158532CD0026170E /* 9_1.png */ = {isa = PBXFileReference; lastKnownFileType = image.png; name = 9_1.png; path = "Karten png/9_1.png"; sourceTree = "<group>"; };
		D069C1F5158532CD0026170E /* 9_2.png */ = {isa = PBXFileReference; lastKnownFileType = image.png; name = 9_2.png; path = "Karten png/9_2.png"; sourceTree = "<group>"; };
		D069C1F6158532CD0026170E /* 9_3.png */ = {isa = PBXFileReference; lastKnownFileType = image.png; name = 9_3.png; path = "Karten png/9_3.png"; sourceTree = "<group>"; };
		D069C1F7158532CD0026170E /* 9_4.png */ = {isa = PBXFileReference; lastKnownFileType = image.png; name = 9_4.png; path = "Karten png/9_4.png"; sourceTree = "<group>"; };
		D069C1F8158532CD0026170E /* 10_1.png */ = {isa = PBXFileReference; lastKnownFileType = image.png; name = 10_1.png; path = "Karten png/10_1.png"; sourceTree = "<group>"; };
		D069C1F9158532CD0026170E /* 10_2.png */ = {isa = PBXFileReference; lastKnownFileType = image.png; name = 10_2.png; path = "Karten png/10_2.png"; sourceTree = "<group>"; };
		D069C1FA158532CD0026170E /* 10_3.png */ = {isa = PBXFileReference; lastKnownFileType = image.png; name = 10_3.png; path = "Karten png/10_3.png"; sourceTree = "<group>"; };
		D069C1FB158532CD0026170E /* 10_4.png */ = {isa = PBXFileReference; lastKnownFileType = image.png; name = 10_4.png; path = "Karten png/10_4.png"; sourceTree = "<group>"; };
		D069C1FC158532CD0026170E /* 11_1.png */ = {isa = PBXFileReference; lastKnownFileType = image.png; name = 11_1.png; path = "Karten png/11_1.png"; sourceTree = "<group>"; };
		D069C1FD158532CD0026170E /* 11_2.png */ = {isa = PBXFileReference; lastKnownFileType = image.png; name = 11_2.png; path = "Karten png/11_2.png"; sourceTree = "<group>"; };
		D069C1FE158532CD0026170E /* 11_3.png */ = {isa = PBXFileReference; lastKnownFileType = image.png; name = 11_3.png; path = "Karten png/11_3.png"; sourceTree = "<group>"; };
		D069C1FF158532CD0026170E /* 11_4.png */ = {isa = PBXFileReference; lastKnownFileType = image.png; name = 11_4.png; path = "Karten png/11_4.png"; sourceTree = "<group>"; };
		D069C200158532CD0026170E /* 12_1.png */ = {isa = PBXFileReference; lastKnownFileType = image.png; name = 12_1.png; path = "Karten png/12_1.png"; sourceTree = "<group>"; };
		D069C201158532CD0026170E /* 12_2.png */ = {isa = PBXFileReference; lastKnownFileType = image.png; name = 12_2.png; path = "Karten png/12_2.png"; sourceTree = "<group>"; };
		D069C202158532CD0026170E /* 12_3.png */ = {isa = PBXFileReference; lastKnownFileType = image.png; name = 12_3.png; path = "Karten png/12_3.png"; sourceTree = "<group>"; };
		D069C203158532CD0026170E /* 12_4.png */ = {isa = PBXFileReference; lastKnownFileType = image.png; name = 12_4.png; path = "Karten png/12_4.png"; sourceTree = "<group>"; };
		D069C204158532CD0026170E /* 13_1.png */ = {isa = PBXFileReference; lastKnownFileType = image.png; name = 13_1.png; path = "Karten png/13_1.png"; sourceTree = "<group>"; };
		D069C205158532CD0026170E /* 13_2.png */ = {isa = PBXFileReference; lastKnownFileType = image.png; name = 13_2.png; path = "Karten png/13_2.png"; sourceTree = "<group>"; };
		D069C206158532CD0026170E /* 13_3.png */ = {isa = PBXFileReference; lastKnownFileType = image.png; name = 13_3.png; path = "Karten png/13_3.png"; sourceTree = "<group>"; };
		D069C207158532CD0026170E /* 13_4.png */ = {isa = PBXFileReference; lastKnownFileType = image.png; name = 13_4.png; path = "Karten png/13_4.png"; sourceTree = "<group>"; };
		D069C208158532CD0026170E /* 14_1.png */ = {isa = PBXFileReference; lastKnownFileType = image.png; name = 14_1.png; path = "Karten png/14_1.png"; sourceTree = "<group>"; };
		D069C209158532CD0026170E /* 14_2.png */ = {isa = PBXFileReference; lastKnownFileType = image.png; name = 14_2.png; path = "Karten png/14_2.png"; sourceTree = "<group>"; };
		D069C20A158532CD0026170E /* 14_3.png */ = {isa = PBXFileReference; lastKnownFileType = image.png; name = 14_3.png; path = "Karten png/14_3.png"; sourceTree = "<group>"; };
		D069C20B158532CD0026170E /* 14_4.png */ = {isa = PBXFileReference; lastKnownFileType = image.png; name = 14_4.png; path = "Karten png/14_4.png"; sourceTree = "<group>"; };
		D06A421A15650A170062D6F1 /* FiveBestCards.h */ = {isa = PBXFileReference; fileEncoding = 4; lastKnownFileType = sourcecode.c.h; path = FiveBestCards.h; sourceTree = "<group>"; };
		D06A421B15650A170062D6F1 /* FiveBestCards.m */ = {isa = PBXFileReference; fileEncoding = 4; lastKnownFileType = sourcecode.c.objc; path = FiveBestCards.m; sourceTree = "<group>"; };
		D06F5A8B15602FC400519DAF /* Nathan.PNG */ = {isa = PBXFileReference; lastKnownFileType = image.png; path = Nathan.PNG; sourceTree = "<group>"; };
		D0A6887B1587FFDF007ED89B /* MainPot.h */ = {isa = PBXFileReference; fileEncoding = 4; lastKnownFileType = sourcecode.c.h; path = MainPot.h; sourceTree = "<group>"; };
		D0A6887C1587FFDF007ED89B /* MainPot.m */ = {isa = PBXFileReference; fileEncoding = 4; lastKnownFileType = sourcecode.c.objc; path = MainPot.m; sourceTree = "<group>"; };
		D0CC52211563C8B400BF5DC3 /* Player.h */ = {isa = PBXFileReference; fileEncoding = 4; lastKnownFileType = sourcecode.c.h; path = Player.h; sourceTree = "<group>"; };
		D0CC52221563C8B400BF5DC3 /* Player.m */ = {isa = PBXFileReference; fileEncoding = 4; lastKnownFileType = sourcecode.c.objc; path = Player.m; sourceTree = "<group>"; };
		D0CC52251563C8E300BF5DC3 /* PokerGame.h */ = {isa = PBXFileReference; fileEncoding = 4; lastKnownFileType = sourcecode.c.h; path = PokerGame.h; sourceTree = "<group>"; };
		D0CC52261563C8E300BF5DC3 /* PokerGame.mm */ = {isa = PBXFileReference; fileEncoding = 4; lastKnownFileType = sourcecode.cpp.objcpp; path = PokerGame.mm; sourceTree = "<group>"; };
		D0CC52281563D68A00BF5DC3 /* CardValuesEvaluator.h */ = {isa = PBXFileReference; fileEncoding = 4; lastKnownFileType = sourcecode.c.h; path = CardValuesEvaluator.h; sourceTree = "<group>"; };
		D0CC52291563D68A00BF5DC3 /* CardValuesEvaluator.m */ = {isa = PBXFileReference; fileEncoding = 4; lastKnownFileType = sourcecode.c.objc; path = CardValuesEvaluator.m; sourceTree = "<group>"; };
		D0F5B36F1584CD6100C62EB4 /* Enum_GameState.h */ = {isa = PBXFileReference; lastKnownFileType = sourcecode.c.h; path = Enum_GameState.h; sourceTree = "<group>"; };
		D0F692BA158F4C7E0065420F /* SidePot.h */ = {isa = PBXFileReference; fileEncoding = 4; lastKnownFileType = sourcecode.c.h; path = SidePot.h; sourceTree = "<group>"; };
		D0F692BB158F4C7E0065420F /* SidePot.m */ = {isa = PBXFileReference; fileEncoding = 4; lastKnownFileType = sourcecode.c.objc; path = SidePot.m; sourceTree = "<group>"; };
		D0F7E40815875F420068FBD5 /* Pot.h */ = {isa = PBXFileReference; fileEncoding = 4; lastKnownFileType = sourcecode.c.h; path = Pot.h; sourceTree = "<group>"; };
		D0F7E40915875F420068FBD5 /* Pot.m */ = {isa = PBXFileReference; fileEncoding = 4; lastKnownFileType = sourcecode.c.objc; path = Pot.m; sourceTree = "<group>"; };
		D0F7E40C15875FA40068FBD5 /* Functions.h */ = {isa = PBXFileReference; fileEncoding = 4; lastKnownFileType = sourcecode.c.h; path = Functions.h; sourceTree = "<group>"; };
		D0FA5F53156C133A00C89B82 /* ProfilViewController.h */ = {isa = PBXFileReference; fileEncoding = 4; lastKnownFileType = sourcecode.c.h; path = ProfilViewController.h; sourceTree = "<group>"; };
		D0FA5F54156C133B00C89B82 /* ProfilViewController.m */ = {isa = PBXFileReference; fileEncoding = 4; lastKnownFileType = sourcecode.c.objc; path = ProfilViewController.m; sourceTree = "<group>"; };
/* End PBXFileReference section */

/* Begin PBXFrameworksBuildPhase section */
		CEEBF56A15601A9F007313F1 /* Frameworks */ = {
			isa = PBXFrameworksBuildPhase;
			buildActionMask = 2147483647;
			files = (
				D0121E08159389D6005D54B3 /* AVFoundation.framework in Frameworks */,
				CEEBF57215601A9F007313F1 /* UIKit.framework in Frameworks */,
				CEEBF57415601A9F007313F1 /* Foundation.framework in Frameworks */,
				CEEBF57615601A9F007313F1 /* CoreGraphics.framework in Frameworks */,
			);
			runOnlyForDeploymentPostprocessing = 0;
		};
/* End PBXFrameworksBuildPhase section */

/* Begin PBXGroup section */
		CEEBF56215601A9F007313F1 = {
			isa = PBXGroup;
			children = (
				CEEBF57715601A9F007313F1 /* Poker iPhone App */,
				CEEBF57015601A9F007313F1 /* Frameworks */,
				CEEBF56E15601A9F007313F1 /* Products */,
			);
			sourceTree = "<group>";
		};
		CEEBF56E15601A9F007313F1 /* Products */ = {
			isa = PBXGroup;
			children = (
				CEEBF56D15601A9F007313F1 /* Poker iPhone App.app */,
			);
			name = Products;
			sourceTree = "<group>";
		};
		CEEBF57015601A9F007313F1 /* Frameworks */ = {
			isa = PBXGroup;
			children = (
				D0121E07159389D6005D54B3 /* AVFoundation.framework */,
				CEEBF57115601A9F007313F1 /* UIKit.framework */,
				CEEBF57315601A9F007313F1 /* Foundation.framework */,
				CEEBF57515601A9F007313F1 /* CoreGraphics.framework */,
			);
			name = Frameworks;
			sourceTree = "<group>";
		};
		CEEBF57715601A9F007313F1 /* Poker iPhone App */ = {
			isa = PBXGroup;
			children = (
				D0310F9D1598D51600344EA7 /* Avatars */,
				D0121E0A15938AAE005D54B3 /* Sounds */,
				CEEBF58315601A9F007313F1 /* MainStoryboard.storyboard */,
				D09326631580D78F004252B2 /* Karten */,
				D0FDDF7D1592182C00325BB2 /* Sonstige Bilder */,
				D0FDDF7F1592184300325BB2 /* ViewController */,
				D0FDDF80159218AB00325BB2 /* AppDelegate */,
				D0FDDF81159218C200325BB2 /* Enums und CppFunktionen */,
				D0FDDF82159218FD00325BB2 /* Klassen zum Spiel */,
				CEEBF58615601A9F007313F1 /* ViewController.h */,
				CEEBF58715601A9F007313F1 /* ViewController.m */,
				CEEBF57815601A9F007313F1 /* Supporting Files */,
			);
			path = "Poker iPhone App";
			sourceTree = "<group>";
		};
		CEEBF57815601A9F007313F1 /* Supporting Files */ = {
			isa = PBXGroup;
			children = (
				CEEBF57915601A9F007313F1 /* Poker iPhone App-Info.plist */,
				CEEBF57A15601A9F007313F1 /* InfoPlist.strings */,
				CEEBF57D15601A9F007313F1 /* main.m */,
				CEEBF57F15601A9F007313F1 /* Poker iPhone App-Prefix.pch */,
			);
			name = "Supporting Files";
			sourceTree = "<group>";
		};
		D0121E0A15938AAE005D54B3 /* Sounds */ = {
			isa = PBXGroup;
			children = (
				D00EB428159B4E4E009BCC7C /* winner.wav */,
				D0121E0B15938AAE005D54B3 /* cards1.wav */,
				D0121E0C15938AAE005D54B3 /* check.wav */,
				D0121E0D15938AAE005D54B3 /* cards3.wav */,
				D0121E0E15938AAE005D54B3 /* fold.wav */,
				D0121E0F15938AAE005D54B3 /* money.wav */,
				D0121E1015938AAE005D54B3 /* time.wav */,
			);
			path = Sounds;
			sourceTree = "<group>";
		};
		D0310F9D1598D51600344EA7 /* Avatars */ = {
			isa = PBXGroup;
			children = (
				D0310F951598D51000344EA7 /* Cartman.PNG */,
				D0310F961598D51000344EA7 /* Kenny.PNG */,
				D0310F971598D51000344EA7 /* Kyle.PNG */,
				D0310F981598D51000344EA7 /* Stan.PNG */,
			);
			name = Avatars;
			sourceTree = "<group>";
		};
		D09326631580D78F004252B2 /* Karten */ = {
			isa = PBXGroup;
			children = (
				D00EB426159B47EB009BCC7C /* back.png */,
				D069C1D8158532CD0026170E /* 2_1.png */,
				D069C1D9158532CD0026170E /* 2_2.png */,
				D069C1DA158532CD0026170E /* 2_3.png */,
				D069C1DB158532CD0026170E /* 2_4.png */,
				D069C1DC158532CD0026170E /* 3_1.png */,
				D069C1DD158532CD0026170E /* 3_2.png */,
				D069C1DE158532CD0026170E /* 3_3.png */,
				D069C1DF158532CD0026170E /* 3_4.png */,
				D069C1E0158532CD0026170E /* 4_1.png */,
				D069C1E1158532CD0026170E /* 4_2.png */,
				D069C1E2158532CD0026170E /* 4_3.png */,
				D069C1E3158532CD0026170E /* 4_4.png */,
				D069C1E4158532CD0026170E /* 5_1.png */,
				D069C1E5158532CD0026170E /* 5_2.png */,
				D069C1E6158532CD0026170E /* 5_3.png */,
				D069C1E7158532CD0026170E /* 5_4.png */,
				D069C1E8158532CD0026170E /* 6_1.png */,
				D069C1E9158532CD0026170E /* 6_2.png */,
				D069C1EA158532CD0026170E /* 6_3.png */,
				D069C1EB158532CD0026170E /* 6_4.png */,
				D069C1EC158532CD0026170E /* 7_1.png */,
				D069C1ED158532CD0026170E /* 7_2.png */,
				D069C1EE158532CD0026170E /* 7_3.png */,
				D069C1EF158532CD0026170E /* 7_4.png */,
				D069C1F0158532CD0026170E /* 8_1.png */,
				D069C1F1158532CD0026170E /* 8_2.png */,
				D069C1F2158532CD0026170E /* 8_3.png */,
				D069C1F3158532CD0026170E /* 8_4.png */,
				D069C1F4158532CD0026170E /* 9_1.png */,
				D069C1F5158532CD0026170E /* 9_2.png */,
				D069C1F6158532CD0026170E /* 9_3.png */,
				D069C1F7158532CD0026170E /* 9_4.png */,
				D069C1F8158532CD0026170E /* 10_1.png */,
				D069C1F9158532CD0026170E /* 10_2.png */,
				D069C1FA158532CD0026170E /* 10_3.png */,
				D069C1FB158532CD0026170E /* 10_4.png */,
				D069C1FC158532CD0026170E /* 11_1.png */,
				D069C1FD158532CD0026170E /* 11_2.png */,
				D069C1FE158532CD0026170E /* 11_3.png */,
				D069C1FF158532CD0026170E /* 11_4.png */,
				D069C200158532CD0026170E /* 12_1.png */,
				D069C201158532CD0026170E /* 12_2.png */,
				D069C202158532CD0026170E /* 12_3.png */,
				D069C203158532CD0026170E /* 12_4.png */,
				D069C204158532CD0026170E /* 13_1.png */,
				D069C205158532CD0026170E /* 13_2.png */,
				D069C206158532CD0026170E /* 13_3.png */,
				D069C207158532CD0026170E /* 13_4.png */,
				D069C208158532CD0026170E /* 14_1.png */,
				D069C209158532CD0026170E /* 14_2.png */,
				D069C20A158532CD0026170E /* 14_3.png */,
				D069C20B158532CD0026170E /* 14_4.png */,
			);
			name = Karten;
			sourceTree = "<group>";
		};
		D0FDDF7D1592182C00325BB2 /* Sonstige Bilder */ = {
			isa = PBXGroup;
			children = (
				D00EB420159B1A92009BCC7C /* Pokal.png */,
				D06F5A8B15602FC400519DAF /* Nathan.PNG */,
				CEBB847B157D618200841279 /* Table.png */,
				CEBB847E157D672A00841279 /* 2-herz.png */,
			);
			name = "Sonstige Bilder";
			sourceTree = "<group>";
		};
		D0FDDF7F1592184300325BB2 /* ViewController */ = {
			isa = PBXGroup;
			children = (
				CEE23231157EA5FD00018491 /* GameViewController.mm */,
				CEE23230157EA5FD00018491 /* GameViewController.h */,
				CE7C20CC156D62AD00AEAE67 /* SinglePlayerViewController.m */,
				CE7C20CB156D62AD00AEAE67 /* SinglePlayerViewController.h */,
				CE7C20C9156D5D6200AEAE67 /* BlindsViewController.m */,
				CE7C20C8156D5D6200AEAE67 /* BlindsViewController.h */,
				CE7C20CF156D6FEA00AEAE67 /* AnzahlComputergegnerViewController.m */,
				CE7C20CE156D6FEA00AEAE67 /* AnzahlComputergegnerViewController.h */,
				CE7C20D6156D739A00AEAE67 /* DifficultyViewController.m */,
				CE7C20D5156D739A00AEAE67 /* DifficultyViewController.h */,
				D0FA5F54156C133B00C89B82 /* ProfilViewController.m */,
				D0FA5F53156C133A00C89B82 /* ProfilViewController.h */,
			);
			name = ViewController;
			sourceTree = "<group>";
		};
		D0FDDF80159218AB00325BB2 /* AppDelegate */ = {
			isa = PBXGroup;
			children = (
				CEEBF58115601A9F007313F1 /* AppDelegate.m */,
				CEEBF58015601A9F007313F1 /* AppDelegate.h */,
			);
			name = AppDelegate;
			sourceTree = "<group>";
		};
		D0FDDF81159218C200325BB2 /* Enums und CppFunktionen */ = {
			isa = PBXGroup;
			children = (
				D0F7E40C15875FA40068FBD5 /* Functions.h */,
				D005DA71156D161700585130 /* Enum_PlayerState.h */,
				D0F5B36F1584CD6100C62EB4 /* Enum_GameState.h */,
				D066EC5F1562EF4600B62D50 /* Enum_CardValues.h */,
				D066EC571562E86A00B62D50 /* Enum_SuitType.h */,
				D00EB42D159B7539009BCC7C /* Enum_SliderSensibility.h */,
			);
			name = "Enums und CppFunktionen";
			sourceTree = "<group>";
		};
		D0FDDF82159218FD00325BB2 /* Klassen zum Spiel */ = {
			isa = PBXGroup;
			children = (
				D00EB42A159B73D7009BCC7C /* ModifiedSlider.h */,
				D00EB42B159B73D7009BCC7C /* ModifiedSlider.m */,
				D00EB41C159B0A7E009BCC7C /* PlayerProfile.h */,
				D00EB41D159B0A7E009BCC7C /* PlayerProfile.m */,
				D0CC52261563C8E300BF5DC3 /* PokerGame.mm */,
				D0CC52251563C8E300BF5DC3 /* PokerGame.h */,
				D0CC52221563C8B400BF5DC3 /* Player.m */,
				D0CC52211563C8B400BF5DC3 /* Player.h */,
				D0A6887C1587FFDF007ED89B /* MainPot.m */,
				D0A6887B1587FFDF007ED89B /* MainPot.h */,
				D0F692BB158F4C7E0065420F /* SidePot.m */,
				D0F692BA158F4C7E0065420F /* SidePot.h */,
				D0F7E40915875F420068FBD5 /* Pot.m */,
				D0F7E40815875F420068FBD5 /* Pot.h */,
				D066EC631562F27F00B62D50 /* CardDeck.h */,
				D066EC641562F27F00B62D50 /* CardDeck.m */,
				D066EC611562F16600B62D50 /* CardsOnTable.m */,
				D066EC601562F16600B62D50 /* CardsOnTable.h */,
				D06A421B15650A170062D6F1 /* FiveBestCards.m */,
				D06A421A15650A170062D6F1 /* FiveBestCards.h */,
				D0CC52291563D68A00BF5DC3 /* CardValuesEvaluator.m */,
				D0CC52281563D68A00BF5DC3 /* CardValuesEvaluator.h */,
				D066EC5D1562EDB100B62D50 /* Hand.m */,
				D066EC5C1562EDB100B62D50 /* Hand.h */,
				D066EC5A1562E97C00B62D50 /* PlayingCard.m */,
				D066EC591562E97C00B62D50 /* PlayingCard.h */,
				CEF0D96C157BB9AA005B7BBE /* GameSettings.m */,
				CEF0D96B157BB9AA005B7BBE /* GameSettings.h */,
			);
			name = "Klassen zum Spiel";
			sourceTree = "<group>";
		};
/* End PBXGroup section */

/* Begin PBXNativeTarget section */
		CEEBF56C15601A9F007313F1 /* Poker iPhone App */ = {
			isa = PBXNativeTarget;
			buildConfigurationList = CEEBF58B15601A9F007313F1 /* Build configuration list for PBXNativeTarget "Poker iPhone App" */;
			buildPhases = (
				CEEBF56915601A9F007313F1 /* Sources */,
				CEEBF56A15601A9F007313F1 /* Frameworks */,
				CEEBF56B15601A9F007313F1 /* Resources */,
			);
			buildRules = (
			);
			dependencies = (
			);
			name = "Poker iPhone App";
			productName = "Poker iPhone App";
			productReference = CEEBF56D15601A9F007313F1 /* Poker iPhone App.app */;
			productType = "com.apple.product-type.application";
		};
/* End PBXNativeTarget section */

/* Begin PBXProject section */
		CEEBF56415601A9F007313F1 /* Project object */ = {
			isa = PBXProject;
			attributes = {
				LastUpgradeCheck = 0430;
			};
			buildConfigurationList = CEEBF56715601A9F007313F1 /* Build configuration list for PBXProject "Poker iPhone App" */;
			compatibilityVersion = "Xcode 3.2";
			developmentRegion = English;
			hasScannedForEncodings = 0;
			knownRegions = (
				en,
			);
			mainGroup = CEEBF56215601A9F007313F1;
			productRefGroup = CEEBF56E15601A9F007313F1 /* Products */;
			projectDirPath = "";
			projectRoot = "";
			targets = (
				CEEBF56C15601A9F007313F1 /* Poker iPhone App */,
			);
		};
/* End PBXProject section */

/* Begin PBXResourcesBuildPhase section */
		CEEBF56B15601A9F007313F1 /* Resources */ = {
			isa = PBXResourcesBuildPhase;
			buildActionMask = 2147483647;
			files = (
				CEEBF57C15601A9F007313F1 /* InfoPlist.strings in Resources */,
				CEEBF58515601A9F007313F1 /* MainStoryboard.storyboard in Resources */,
				D06F5A8C15602FC400519DAF /* Nathan.PNG in Resources */,
				CEBB847C157D618200841279 /* Table.png in Resources */,
				CEBB847F157D672A00841279 /* 2-herz.png in Resources */,
				D069C20C158532CD0026170E /* 2_1.png in Resources */,
				D069C20D158532CD0026170E /* 2_2.png in Resources */,
				D069C20E158532CD0026170E /* 2_3.png in Resources */,
				D069C20F158532CD0026170E /* 2_4.png in Resources */,
				D069C210158532CD0026170E /* 3_1.png in Resources */,
				D069C211158532CD0026170E /* 3_2.png in Resources */,
				D069C212158532CD0026170E /* 3_3.png in Resources */,
				D069C213158532CD0026170E /* 3_4.png in Resources */,
				D069C214158532CD0026170E /* 4_1.png in Resources */,
				D069C215158532CD0026170E /* 4_2.png in Resources */,
				D069C216158532CD0026170E /* 4_3.png in Resources */,
				D069C217158532CD0026170E /* 4_4.png in Resources */,
				D069C218158532CD0026170E /* 5_1.png in Resources */,
				D069C219158532CD0026170E /* 5_2.png in Resources */,
				D069C21A158532CD0026170E /* 5_3.png in Resources */,
				D069C21B158532CD0026170E /* 5_4.png in Resources */,
				D069C21C158532CD0026170E /* 6_1.png in Resources */,
				D069C21D158532CD0026170E /* 6_2.png in Resources */,
				D069C21E158532CD0026170E /* 6_3.png in Resources */,
				D069C21F158532CD0026170E /* 6_4.png in Resources */,
				D069C220158532CD0026170E /* 7_1.png in Resources */,
				D069C221158532CD0026170E /* 7_2.png in Resources */,
				D069C222158532CD0026170E /* 7_3.png in Resources */,
				D069C223158532CD0026170E /* 7_4.png in Resources */,
				D069C224158532CD0026170E /* 8_1.png in Resources */,
				D069C225158532CD0026170E /* 8_2.png in Resources */,
				D069C226158532CD0026170E /* 8_3.png in Resources */,
				D069C227158532CD0026170E /* 8_4.png in Resources */,
				D069C228158532CD0026170E /* 9_1.png in Resources */,
				D069C229158532CD0026170E /* 9_2.png in Resources */,
				D069C22A158532CD0026170E /* 9_3.png in Resources */,
				D069C22B158532CD0026170E /* 9_4.png in Resources */,
				D069C22C158532CD0026170E /* 10_1.png in Resources */,
				D069C22D158532CD0026170E /* 10_2.png in Resources */,
				D069C22E158532CD0026170E /* 10_3.png in Resources */,
				D069C22F158532CD0026170E /* 10_4.png in Resources */,
				D069C230158532CD0026170E /* 11_1.png in Resources */,
				D069C231158532CD0026170E /* 11_2.png in Resources */,
				D069C232158532CD0026170E /* 11_3.png in Resources */,
				D069C233158532CD0026170E /* 11_4.png in Resources */,
				D069C234158532CD0026170E /* 12_1.png in Resources */,
				D069C235158532CD0026170E /* 12_2.png in Resources */,
				D069C236158532CD0026170E /* 12_3.png in Resources */,
				D069C237158532CD0026170E /* 12_4.png in Resources */,
				D069C238158532CD0026170E /* 13_1.png in Resources */,
				D069C239158532CD0026170E /* 13_2.png in Resources */,
				D069C23A158532CD0026170E /* 13_3.png in Resources */,
				D069C23B158532CD0026170E /* 13_4.png in Resources */,
				D069C23C158532CD0026170E /* 14_1.png in Resources */,
				D069C23D158532CD0026170E /* 14_2.png in Resources */,
				D069C23E158532CD0026170E /* 14_3.png in Resources */,
				D069C23F158532CD0026170E /* 14_4.png in Resources */,
				D0121E1115938AAE005D54B3 /* cards1.wav in Resources */,
				D0121E1215938AAE005D54B3 /* check.wav in Resources */,
				D0121E1315938AAE005D54B3 /* cards3.wav in Resources */,
				D0121E1415938AAE005D54B3 /* fold.wav in Resources */,
				D0121E1515938AAE005D54B3 /* money.wav in Resources */,
				D0121E1615938AAE005D54B3 /* time.wav in Resources */,
				D0310F991598D51000344EA7 /* Cartman.PNG in Resources */,
				D0310F9A1598D51000344EA7 /* Kenny.PNG in Resources */,
				D0310F9B1598D51000344EA7 /* Kyle.PNG in Resources */,
				D0310F9C1598D51000344EA7 /* Stan.PNG in Resources */,
				D00EB421159B1A92009BCC7C /* Pokal.png in Resources */,
				D00EB427159B47EB009BCC7C /* back.png in Resources */,
				D00EB429159B4E4E009BCC7C /* winner.wav in Resources */,
			);
			runOnlyForDeploymentPostprocessing = 0;
		};
/* End PBXResourcesBuildPhase section */

/* Begin PBXSourcesBuildPhase section */
		CEEBF56915601A9F007313F1 /* Sources */ = {
			isa = PBXSourcesBuildPhase;
			buildActionMask = 2147483647;
			files = (
				CEEBF57E15601A9F007313F1 /* main.m in Sources */,
				CEEBF58215601A9F007313F1 /* AppDelegate.m in Sources */,
				CEEBF58815601A9F007313F1 /* ViewController.m in Sources */,
				D066EC5B1562E97C00B62D50 /* PlayingCard.m in Sources */,
				D066EC5E1562EDB100B62D50 /* Hand.m in Sources */,
				D066EC621562F16600B62D50 /* CardsOnTable.m in Sources */,
				D066EC651562F27F00B62D50 /* CardDeck.m in Sources */,
				D0CC52231563C8B400BF5DC3 /* Player.m in Sources */,
				D0CC52271563C8E300BF5DC3 /* PokerGame.mm in Sources */,
				D0CC522A1563D68A00BF5DC3 /* CardValuesEvaluator.m in Sources */,
				D06A421C15650A170062D6F1 /* FiveBestCards.m in Sources */,
				D0FA5F55156C133B00C89B82 /* ProfilViewController.m in Sources */,
				CE7C20CA156D5D6200AEAE67 /* BlindsViewController.m in Sources */,
				CE7C20CD156D62AE00AEAE67 /* SinglePlayerViewController.m in Sources */,
				CE7C20D0156D6FEB00AEAE67 /* AnzahlComputergegnerViewController.m in Sources */,
				CE7C20D7156D739A00AEAE67 /* DifficultyViewController.m in Sources */,
				CEF0D96D157BB9AA005B7BBE /* GameSettings.m in Sources */,
				CEE23232157EA5FD00018491 /* GameViewController.mm in Sources */,
				D0F7E40A15875F420068FBD5 /* Pot.m in Sources */,
				D0A6887D1587FFDF007ED89B /* MainPot.m in Sources */,
				D0F692BC158F4C7E0065420F /* SidePot.m in Sources */,
				D00EB41E159B0A7E009BCC7C /* PlayerProfile.m in Sources */,
				D00EB42C159B73D7009BCC7C /* ModifiedSlider.m in Sources */,
			);
			runOnlyForDeploymentPostprocessing = 0;
		};
/* End PBXSourcesBuildPhase section */

/* Begin PBXVariantGroup section */
		CEEBF57A15601A9F007313F1 /* InfoPlist.strings */ = {
			isa = PBXVariantGroup;
			children = (
				CEEBF57B15601A9F007313F1 /* en */,
			);
			name = InfoPlist.strings;
			sourceTree = "<group>";
		};
		CEEBF58315601A9F007313F1 /* MainStoryboard.storyboard */ = {
			isa = PBXVariantGroup;
			children = (
				CEEBF58415601A9F007313F1 /* en */,
			);
			name = MainStoryboard.storyboard;
			sourceTree = "<group>";
		};
/* End PBXVariantGroup section */

/* Begin XCBuildConfiguration section */
		CEEBF58915601A9F007313F1 /* Debug */ = {
			isa = XCBuildConfiguration;
			buildSettings = {
				ALWAYS_SEARCH_USER_PATHS = NO;
				ARCHS = "$(ARCHS_STANDARD_32_BIT)";
				CLANG_ENABLE_OBJC_ARC = YES;
				CODE_SIGN_IDENTITY = "iPhone Developer: Christian Klumpp (RH9NX77L5P)";
				"CODE_SIGN_IDENTITY[sdk=iphoneos*]" = "iPhone Developer: Christian Klumpp (RH9NX77L5P)";
				COPY_PHASE_STRIP = NO;
				GCC_C_LANGUAGE_STANDARD = gnu99;
				GCC_DYNAMIC_NO_PIC = NO;
				GCC_OPTIMIZATION_LEVEL = 0;
				GCC_PREPROCESSOR_DEFINITIONS = (
					"DEBUG=1",
					"$(inherited)",
				);
				GCC_SYMBOLS_PRIVATE_EXTERN = NO;
				GCC_VERSION = com.apple.compilers.llvm.clang.1_0;
				GCC_WARN_ABOUT_RETURN_TYPE = YES;
				GCC_WARN_UNINITIALIZED_AUTOS = YES;
				GCC_WARN_UNUSED_VARIABLE = YES;
				IPHONEOS_DEPLOYMENT_TARGET = 5.1;
				PROVISIONING_PROFILE = "AE6F2CA5-3649-48B8-8C3A-22A6834265D0";
				"PROVISIONING_PROFILE[sdk=iphoneos*]" = "AE6F2CA5-3649-48B8-8C3A-22A6834265D0";
				SDKROOT = iphoneos;
			};
			name = Debug;
		};
		CEEBF58A15601A9F007313F1 /* Release */ = {
			isa = XCBuildConfiguration;
			buildSettings = {
				ALWAYS_SEARCH_USER_PATHS = NO;
				ARCHS = "$(ARCHS_STANDARD_32_BIT)";
				CLANG_ENABLE_OBJC_ARC = YES;
				CODE_SIGN_IDENTITY = "iPhone Developer: Christian Klumpp (RH9NX77L5P)";
				"CODE_SIGN_IDENTITY[sdk=iphoneos*]" = "iPhone Developer: Christian Klumpp (RH9NX77L5P)";
				COPY_PHASE_STRIP = YES;
				GCC_C_LANGUAGE_STANDARD = gnu99;
				GCC_VERSION = com.apple.compilers.llvm.clang.1_0;
				GCC_WARN_ABOUT_RETURN_TYPE = YES;
				GCC_WARN_UNINITIALIZED_AUTOS = YES;
				GCC_WARN_UNUSED_VARIABLE = YES;
				IPHONEOS_DEPLOYMENT_TARGET = 5.1;
				OTHER_CFLAGS = "-DNS_BLOCK_ASSERTIONS=1";
				PROVISIONING_PROFILE = "AE6F2CA5-3649-48B8-8C3A-22A6834265D0";
				"PROVISIONING_PROFILE[sdk=iphoneos*]" = "AE6F2CA5-3649-48B8-8C3A-22A6834265D0";
				SDKROOT = iphoneos;
				VALIDATE_PRODUCT = YES;
			};
			name = Release;
		};
		CEEBF58C15601A9F007313F1 /* Debug */ = {
			isa = XCBuildConfiguration;
			buildSettings = {
				GCC_PRECOMPILE_PREFIX_HEADER = YES;
				GCC_PREFIX_HEADER = "Poker iPhone App/Poker iPhone App-Prefix.pch";
				INFOPLIST_FILE = "Poker iPhone App/Poker iPhone App-Info.plist";
				PRODUCT_NAME = "$(TARGET_NAME)";
				WRAPPER_EXTENSION = app;
			};
			name = Debug;
		};
		CEEBF58D15601A9F007313F1 /* Release */ = {
			isa = XCBuildConfiguration;
			buildSettings = {
				GCC_PRECOMPILE_PREFIX_HEADER = YES;
				GCC_PREFIX_HEADER = "Poker iPhone App/Poker iPhone App-Prefix.pch";
				INFOPLIST_FILE = "Poker iPhone App/Poker iPhone App-Info.plist";
				PRODUCT_NAME = "$(TARGET_NAME)";
				WRAPPER_EXTENSION = app;
			};
			name = Release;
		};
/* End XCBuildConfiguration section */

/* Begin XCConfigurationList section */
		CEEBF56715601A9F007313F1 /* Build configuration list for PBXProject "Poker iPhone App" */ = {
			isa = XCConfigurationList;
			buildConfigurations = (
				CEEBF58915601A9F007313F1 /* Debug */,
				CEEBF58A15601A9F007313F1 /* Release */,
			);
			defaultConfigurationIsVisible = 0;
			defaultConfigurationName = Release;
		};
		CEEBF58B15601A9F007313F1 /* Build configuration list for PBXNativeTarget "Poker iPhone App" */ = {
			isa = XCConfigurationList;
			buildConfigurations = (
				CEEBF58C15601A9F007313F1 /* Debug */,
				CEEBF58D15601A9F007313F1 /* Release */,
			);
			defaultConfigurationIsVisible = 0;
			defaultConfigurationName = Release;
		};
/* End XCConfigurationList section */
	};
	rootObject = CEEBF56415601A9F007313F1 /* Project object */;
}
